// !$*UTF8*$!
{
	archiveVersion = 1;
	classes = {
	};
	objectVersion = 50;
	objects = {

/* Begin PBXBuildFile section */
		E36462942523812900E456D5 /* AppDelegate.swift in Sources */ = {isa = PBXBuildFile; fileRef = E36462932523812900E456D5 /* AppDelegate.swift */; };
		E36462962523812900E456D5 /* SceneDelegate.swift in Sources */ = {isa = PBXBuildFile; fileRef = E36462952523812900E456D5 /* SceneDelegate.swift */; };
		E36462982523812900E456D5 /* PairsView.swift in Sources */ = {isa = PBXBuildFile; fileRef = E36462972523812900E456D5 /* PairsView.swift */; };
		E364629A2523813000E456D5 /* Assets.xcassets in Resources */ = {isa = PBXBuildFile; fileRef = E36462992523813000E456D5 /* Assets.xcassets */; };
		E364629D2523813000E456D5 /* Preview Assets.xcassets in Resources */ = {isa = PBXBuildFile; fileRef = E364629C2523813000E456D5 /* Preview Assets.xcassets */; };
		E36462A02523813000E456D5 /* LaunchScreen.storyboard in Resources */ = {isa = PBXBuildFile; fileRef = E364629E2523813000E456D5 /* LaunchScreen.storyboard */; };
		E36DC9F0252392CE0024F62F /* PairsModel.swift in Sources */ = {isa = PBXBuildFile; fileRef = E36DC9EF252392CE0024F62F /* PairsModel.swift */; };
		E36DC9F22523938A0024F62F /* PairsViewModel.swift in Sources */ = {isa = PBXBuildFile; fileRef = E36DC9F12523938A0024F62F /* PairsViewModel.swift */; };
		E3A18DDF2524B59100724D83 /* Grid.swift in Sources */ = {isa = PBXBuildFile; fileRef = E3A18DDE2524B59100724D83 /* Grid.swift */; };
		E3A18DE32525BD8900724D83 /* GridLayout.swift in Sources */ = {isa = PBXBuildFile; fileRef = E3A18DE22525BD8900724D83 /* GridLayout.swift */; };
		E3A18DE62525C5C600724D83 /* Array+Identifiable.swift in Sources */ = {isa = PBXBuildFile; fileRef = E3A18DE52525C5C600724D83 /* Array+Identifiable.swift */; };
/* End PBXBuildFile section */

/* Begin PBXFileReference section */
		E36462902523812900E456D5 /* Mindji.app */ = {isa = PBXFileReference; explicitFileType = wrapper.application; includeInIndex = 0; path = Mindji.app; sourceTree = BUILT_PRODUCTS_DIR; };
		E36462932523812900E456D5 /* AppDelegate.swift */ = {isa = PBXFileReference; lastKnownFileType = sourcecode.swift; path = AppDelegate.swift; sourceTree = "<group>"; };
		E36462952523812900E456D5 /* SceneDelegate.swift */ = {isa = PBXFileReference; lastKnownFileType = sourcecode.swift; path = SceneDelegate.swift; sourceTree = "<group>"; };
		E36462972523812900E456D5 /* PairsView.swift */ = {isa = PBXFileReference; lastKnownFileType = sourcecode.swift; path = PairsView.swift; sourceTree = "<group>"; };
		E36462992523813000E456D5 /* Assets.xcassets */ = {isa = PBXFileReference; lastKnownFileType = folder.assetcatalog; path = Assets.xcassets; sourceTree = "<group>"; };
		E364629C2523813000E456D5 /* Preview Assets.xcassets */ = {isa = PBXFileReference; lastKnownFileType = folder.assetcatalog; path = "Preview Assets.xcassets"; sourceTree = "<group>"; };
		E364629F2523813000E456D5 /* Base */ = {isa = PBXFileReference; lastKnownFileType = file.storyboard; name = Base; path = Base.lproj/LaunchScreen.storyboard; sourceTree = "<group>"; };
		E36462A12523813000E456D5 /* Info.plist */ = {isa = PBXFileReference; lastKnownFileType = text.plist.xml; path = Info.plist; sourceTree = "<group>"; };
		E36DC9EF252392CE0024F62F /* PairsModel.swift */ = {isa = PBXFileReference; lastKnownFileType = sourcecode.swift; path = PairsModel.swift; sourceTree = "<group>"; };
		E36DC9F12523938A0024F62F /* PairsViewModel.swift */ = {isa = PBXFileReference; lastKnownFileType = sourcecode.swift; path = PairsViewModel.swift; sourceTree = "<group>"; };
		E3A18DDE2524B59100724D83 /* Grid.swift */ = {isa = PBXFileReference; lastKnownFileType = sourcecode.swift; path = Grid.swift; sourceTree = "<group>"; };
		E3A18DE22525BD8900724D83 /* GridLayout.swift */ = {isa = PBXFileReference; lastKnownFileType = sourcecode.swift; path = GridLayout.swift; sourceTree = "<group>"; };
		E3A18DE52525C5C600724D83 /* Array+Identifiable.swift */ = {isa = PBXFileReference; lastKnownFileType = sourcecode.swift; path = "Array+Identifiable.swift"; sourceTree = "<group>"; };
/* End PBXFileReference section */

/* Begin PBXFrameworksBuildPhase section */
		E364628D2523812900E456D5 /* Frameworks */ = {
			isa = PBXFrameworksBuildPhase;
			buildActionMask = 2147483647;
			files = (
			);
			runOnlyForDeploymentPostprocessing = 0;
		};
/* End PBXFrameworksBuildPhase section */

/* Begin PBXGroup section */
		E36462872523812900E456D5 = {
			isa = PBXGroup;
			children = (
				E36462922523812900E456D5 /* Mindji */,
				E36462912523812900E456D5 /* Products */,
			);
			sourceTree = "<group>";
		};
		E36462912523812900E456D5 /* Products */ = {
			isa = PBXGroup;
			children = (
				E36462902523812900E456D5 /* Mindji.app */,
			);
			name = Products;
			sourceTree = "<group>";
		};
		E36462922523812900E456D5 /* Mindji */ = {
			isa = PBXGroup;
			children = (
				E3A18DE42525C5AB00724D83 /* Extensions */,
				E36DC9F625239D480024F62F /* Resources */,
				E36DC9F525239D360024F62F /* View */,
				E36462A12523813000E456D5 /* Info.plist */,
				E364629B2523813000E456D5 /* Preview Content */,
				E36DC9F325239D080024F62F /* Model */,
				E36DC9F425239D120024F62F /* ViewModel */,
			);
			path = Mindji;
			sourceTree = "<group>";
		};
		E364629B2523813000E456D5 /* Preview Content */ = {
			isa = PBXGroup;
			children = (
				E364629E2523813000E456D5 /* LaunchScreen.storyboard */,
				E36462992523813000E456D5 /* Assets.xcassets */,
				E364629C2523813000E456D5 /* Preview Assets.xcassets */,
			);
			path = "Preview Content";
			sourceTree = "<group>";
		};
		E36DC9F325239D080024F62F /* Model */ = {
			isa = PBXGroup;
			children = (
				E36DC9EF252392CE0024F62F /* PairsModel.swift */,
			);
			path = Model;
			sourceTree = "<group>";
		};
		E36DC9F425239D120024F62F /* ViewModel */ = {
			isa = PBXGroup;
			children = (
				E36DC9F12523938A0024F62F /* PairsViewModel.swift */,
			);
			path = ViewModel;
			sourceTree = "<group>";
		};
		E36DC9F525239D360024F62F /* View */ = {
			isa = PBXGroup;
			children = (
				E36462972523812900E456D5 /* PairsView.swift */,
				E3A18DDE2524B59100724D83 /* Grid.swift */,
				E3A18DE22525BD8900724D83 /* GridLayout.swift */,
			);
			path = View;
			sourceTree = "<group>";
		};
		E36DC9F625239D480024F62F /* Resources */ = {
			isa = PBXGroup;
			children = (
				E36462952523812900E456D5 /* SceneDelegate.swift */,
				E36462932523812900E456D5 /* AppDelegate.swift */,
			);
			path = Resources;
			sourceTree = "<group>";
		};
		E3A18DE42525C5AB00724D83 /* Extensions */ = {
			isa = PBXGroup;
			children = (
				E3A18DE52525C5C600724D83 /* Array+Identifiable.swift */,
			);
			path = Extensions;
			sourceTree = "<group>";
		};
/* End PBXGroup section */

/* Begin PBXNativeTarget section */
		E364628F2523812900E456D5 /* Mindji */ = {
			isa = PBXNativeTarget;
			buildConfigurationList = E36462A42523813000E456D5 /* Build configuration list for PBXNativeTarget "Mindji" */;
			buildPhases = (
				E364628C2523812900E456D5 /* Sources */,
				E364628D2523812900E456D5 /* Frameworks */,
				E364628E2523812900E456D5 /* Resources */,
			);
			buildRules = (
			);
			dependencies = (
			);
			name = Mindji;
			productName = Mindji;
			productReference = E36462902523812900E456D5 /* Mindji.app */;
			productType = "com.apple.product-type.application";
		};
/* End PBXNativeTarget section */

/* Begin PBXProject section */
		E36462882523812900E456D5 /* Project object */ = {
			isa = PBXProject;
			attributes = {
				LastSwiftUpdateCheck = 1160;
				LastUpgradeCheck = 1160;
				ORGANIZATIONNAME = am.p;
				TargetAttributes = {
					E364628F2523812900E456D5 = {
						CreatedOnToolsVersion = 11.6;
					};
				};
			};
			buildConfigurationList = E364628B2523812900E456D5 /* Build configuration list for PBXProject "Mindji" */;
			compatibilityVersion = "Xcode 9.3";
			developmentRegion = en;
			hasScannedForEncodings = 0;
			knownRegions = (
				en,
				Base,
			);
			mainGroup = E36462872523812900E456D5;
			productRefGroup = E36462912523812900E456D5 /* Products */;
			projectDirPath = "";
			projectRoot = "";
			targets = (
				E364628F2523812900E456D5 /* Mindji */,
			);
		};
/* End PBXProject section */

/* Begin PBXResourcesBuildPhase section */
		E364628E2523812900E456D5 /* Resources */ = {
			isa = PBXResourcesBuildPhase;
			buildActionMask = 2147483647;
			files = (
				E36462A02523813000E456D5 /* LaunchScreen.storyboard in Resources */,
				E364629D2523813000E456D5 /* Preview Assets.xcassets in Resources */,
				E364629A2523813000E456D5 /* Assets.xcassets in Resources */,
			);
			runOnlyForDeploymentPostprocessing = 0;
		};
/* End PBXResourcesBuildPhase section */

/* Begin PBXSourcesBuildPhase section */
		E364628C2523812900E456D5 /* Sources */ = {
			isa = PBXSourcesBuildPhase;
			buildActionMask = 2147483647;
			files = (
				E36462942523812900E456D5 /* AppDelegate.swift in Sources */,
				E36DC9F22523938A0024F62F /* PairsViewModel.swift in Sources */,
				E36462962523812900E456D5 /* SceneDelegate.swift in Sources */,
				E36462982523812900E456D5 /* PairsView.swift in Sources */,
				E36DC9F0252392CE0024F62F /* PairsModel.swift in Sources */,
				E3A18DE62525C5C600724D83 /* Array+Identifiable.swift in Sources */,
				E3A18DE32525BD8900724D83 /* GridLayout.swift in Sources */,
				E3A18DDF2524B59100724D83 /* Grid.swift in Sources */,
			);
			runOnlyForDeploymentPostprocessing = 0;
		};
/* End PBXSourcesBuildPhase section */

/* Begin PBXVariantGroup section */
		E364629E2523813000E456D5 /* LaunchScreen.storyboard */ = {
			isa = PBXVariantGroup;
			children = (
				E364629F2523813000E456D5 /* Base */,
			);
			name = LaunchScreen.storyboard;
			sourceTree = "<group>";
		};
/* End PBXVariantGroup section */

/* Begin XCBuildConfiguration section */
		E36462A22523813000E456D5 /* Debug */ = {
			isa = XCBuildConfiguration;
			buildSettings = {
				ALWAYS_SEARCH_USER_PATHS = NO;
				CLANG_ANALYZER_NONNULL = YES;
				CLANG_ANALYZER_NUMBER_OBJECT_CONVERSION = YES_AGGRESSIVE;
				CLANG_CXX_LANGUAGE_STANDARD = "gnu++14";
				CLANG_CXX_LIBRARY = "libc++";
				CLANG_ENABLE_MODULES = YES;
				CLANG_ENABLE_OBJC_ARC = YES;
				CLANG_ENABLE_OBJC_WEAK = YES;
				CLANG_WARN_BLOCK_CAPTURE_AUTORELEASING = YES;
				CLANG_WARN_BOOL_CONVERSION = YES;
				CLANG_WARN_COMMA = YES;
				CLANG_WARN_CONSTANT_CONVERSION = YES;
				CLANG_WARN_DEPRECATED_OBJC_IMPLEMENTATIONS = YES;
				CLANG_WARN_DIRECT_OBJC_ISA_USAGE = YES_ERROR;
				CLANG_WARN_DOCUMENTATION_COMMENTS = YES;
				CLANG_WARN_EMPTY_BODY = YES;
				CLANG_WARN_ENUM_CONVERSION = YES;
				CLANG_WARN_INFINITE_RECURSION = YES;
				CLANG_WARN_INT_CONVERSION = YES;
				CLANG_WARN_NON_LITERAL_NULL_CONVERSION = YES;
				CLANG_WARN_OBJC_IMPLICIT_RETAIN_SELF = YES;
				CLANG_WARN_OBJC_LITERAL_CONVERSION = YES;
				CLANG_WARN_OBJC_ROOT_CLASS = YES_ERROR;
				CLANG_WARN_RANGE_LOOP_ANALYSIS = YES;
				CLANG_WARN_STRICT_PROTOTYPES = YES;
				CLANG_WARN_SUSPICIOUS_MOVE = YES;
				CLANG_WARN_UNGUARDED_AVAILABILITY = YES_AGGRESSIVE;
				CLANG_WARN_UNREACHABLE_CODE = YES;
				CLANG_WARN__DUPLICATE_METHOD_MATCH = YES;
				COPY_PHASE_STRIP = NO;
				DEBUG_INFORMATION_FORMAT = dwarf;
				ENABLE_STRICT_OBJC_MSGSEND = YES;
				ENABLE_TESTABILITY = YES;
				GCC_C_LANGUAGE_STANDARD = gnu11;
				GCC_DYNAMIC_NO_PIC = NO;
				GCC_NO_COMMON_BLOCKS = YES;
				GCC_OPTIMIZATION_LEVEL = 0;
				GCC_PREPROCESSOR_DEFINITIONS = (
					"DEBUG=1",
					"$(inherited)",
				);
				GCC_WARN_64_TO_32_BIT_CONVERSION = YES;
				GCC_WARN_ABOUT_RETURN_TYPE = YES_ERROR;
				GCC_WARN_UNDECLARED_SELECTOR = YES;
				GCC_WARN_UNINITIALIZED_AUTOS = YES_AGGRESSIVE;
				GCC_WARN_UNUSED_FUNCTION = YES;
				GCC_WARN_UNUSED_VARIABLE = YES;
				IPHONEOS_DEPLOYMENT_TARGET = 13.6;
				MTL_ENABLE_DEBUG_INFO = INCLUDE_SOURCE;
				MTL_FAST_MATH = YES;
				ONLY_ACTIVE_ARCH = YES;
				SDKROOT = iphoneos;
				SWIFT_ACTIVE_COMPILATION_CONDITIONS = DEBUG;
				SWIFT_OPTIMIZATION_LEVEL = "-Onone";
			};
			name = Debug;
		};
		E36462A32523813000E456D5 /* Release */ = {
			isa = XCBuildConfiguration;
			buildSettings = {
				ALWAYS_SEARCH_USER_PATHS = NO;
				CLANG_ANALYZER_NONNULL = YES;
				CLANG_ANALYZER_NUMBER_OBJECT_CONVERSION = YES_AGGRESSIVE;
				CLANG_CXX_LANGUAGE_STANDARD = "gnu++14";
				CLANG_CXX_LIBRARY = "libc++";
				CLANG_ENABLE_MODULES = YES;
				CLANG_ENABLE_OBJC_ARC = YES;
				CLANG_ENABLE_OBJC_WEAK = YES;
				CLANG_WARN_BLOCK_CAPTURE_AUTORELEASING = YES;
				CLANG_WARN_BOOL_CONVERSION = YES;
				CLANG_WARN_COMMA = YES;
				CLANG_WARN_CONSTANT_CONVERSION = YES;
				CLANG_WARN_DEPRECATED_OBJC_IMPLEMENTATIONS = YES;
				CLANG_WARN_DIRECT_OBJC_ISA_USAGE = YES_ERROR;
				CLANG_WARN_DOCUMENTATION_COMMENTS = YES;
				CLANG_WARN_EMPTY_BODY = YES;
				CLANG_WARN_ENUM_CONVERSION = YES;
				CLANG_WARN_INFINITE_RECURSION = YES;
				CLANG_WARN_INT_CONVERSION = YES;
				CLANG_WARN_NON_LITERAL_NULL_CONVERSION = YES;
				CLANG_WARN_OBJC_IMPLICIT_RETAIN_SELF = YES;
				CLANG_WARN_OBJC_LITERAL_CONVERSION = YES;
				CLANG_WARN_OBJC_ROOT_CLASS = YES_ERROR;
				CLANG_WARN_RANGE_LOOP_ANALYSIS = YES;
				CLANG_WARN_STRICT_PROTOTYPES = YES;
				CLANG_WARN_SUSPICIOUS_MOVE = YES;
				CLANG_WARN_UNGUARDED_AVAILABILITY = YES_AGGRESSIVE;
				CLANG_WARN_UNREACHABLE_CODE = YES;
				CLANG_WARN__DUPLICATE_METHOD_MATCH = YES;
				COPY_PHASE_STRIP = NO;
				DEBUG_INFORMATION_FORMAT = "dwarf-with-dsym";
				ENABLE_NS_ASSERTIONS = NO;
				ENABLE_STRICT_OBJC_MSGSEND = YES;
				GCC_C_LANGUAGE_STANDARD = gnu11;
				GCC_NO_COMMON_BLOCKS = YES;
				GCC_WARN_64_TO_32_BIT_CONVERSION = YES;
				GCC_WARN_ABOUT_RETURN_TYPE = YES_ERROR;
				GCC_WARN_UNDECLARED_SELECTOR = YES;
				GCC_WARN_UNINITIALIZED_AUTOS = YES_AGGRESSIVE;
				GCC_WARN_UNUSED_FUNCTION = YES;
				GCC_WARN_UNUSED_VARIABLE = YES;
				IPHONEOS_DEPLOYMENT_TARGET = 13.6;
				MTL_ENABLE_DEBUG_INFO = NO;
				MTL_FAST_MATH = YES;
				SDKROOT = iphoneos;
				SWIFT_COMPILATION_MODE = wholemodule;
				SWIFT_OPTIMIZATION_LEVEL = "-O";
				VALIDATE_PRODUCT = YES;
			};
			name = Release;
		};
		E36462A52523813000E456D5 /* Debug */ = {
			isa = XCBuildConfiguration;
			buildSettings = {
				ASSETCATALOG_COMPILER_APPICON_NAME = AppIcon;
				CODE_SIGN_STYLE = Automatic;
				DEVELOPMENT_ASSET_PATHS = "\"Mindji/Preview Content\"";
				DEVELOPMENT_TEAM = 2QT2ZQ68VN;
				ENABLE_PREVIEWS = YES;
				INFOPLIST_FILE = Mindji/Info.plist;
				LD_RUNPATH_SEARCH_PATHS = (
					"$(inherited)",
					"@executable_path/Frameworks",
				);
				PRODUCT_BUNDLE_IDENTIFIER = com.amp.Mindji;
				PRODUCT_NAME = "$(TARGET_NAME)";
				SWIFT_VERSION = 5.0;
				TARGETED_DEVICE_FAMILY = "1,2";
			};
			name = Debug;
		};
		E36462A62523813000E456D5 /* Release */ = {
			isa = XCBuildConfiguration;
			buildSettings = {
				ASSETCATALOG_COMPILER_APPICON_NAME = AppIcon;
				CODE_SIGN_STYLE = Automatic;
				DEVELOPMENT_ASSET_PATHS = "\"Mindji/Preview Content\"";
				DEVELOPMENT_TEAM = 2QT2ZQ68VN;
				ENABLE_PREVIEWS = YES;
				INFOPLIST_FILE = Mindji/Info.plist;
				LD_RUNPATH_SEARCH_PATHS = (
					"$(inherited)",
					"@executable_path/Frameworks",
				);
				PRODUCT_BUNDLE_IDENTIFIER = com.amp.Mindji;
				PRODUCT_NAME = "$(TARGET_NAME)";
				SWIFT_VERSION = 5.0;
				TARGETED_DEVICE_FAMILY = "1,2";
			};
			name = Release;
		};
/* End XCBuildConfiguration section */

/* Begin XCConfigurationList section */
		E364628B2523812900E456D5 /* Build configuration list for PBXProject "Mindji" */ = {
			isa = XCConfigurationList;
			buildConfigurations = (
				E36462A22523813000E456D5 /* Debug */,
				E36462A32523813000E456D5 /* Release */,
			);
			defaultConfigurationIsVisible = 0;
			defaultConfigurationName = Release;
		};
		E36462A42523813000E456D5 /* Build configuration list for PBXNativeTarget "Mindji" */ = {
			isa = XCConfigurationList;
			buildConfigurations = (
				E36462A52523813000E456D5 /* Debug */,
				E36462A62523813000E456D5 /* Release */,
			);
			defaultConfigurationIsVisible = 0;
			defaultConfigurationName = Release;
		};
/* End XCConfigurationList section */
	};
	rootObject = E36462882523812900E456D5 /* Project object */;
}
